
Microsoft Visual Studio Solution File, Format Version 12.00
# Visual Studio Version 17
VisualStudioVersion = 17.6.33815.320
MinimumVisualStudioVersion = 10.0.40219.1
Project("{FAE04EC0-301F-11D3-BF4B-00C04F79EFBC}") = "DataReader", "DataReader\DataReader.csproj", "{BEA55E1D-CFE6-4885-885B-01D573177491}"
EndProject
Global
	GlobalSection(SolutionConfigurationPlatforms) = preSolution
		Debug|Any CPU = Debug|Any CPU
		Release|Any CPU = Release|Any CPU
	EndGlobalSection
	GlobalSection(ProjectConfigurationPlatforms) = postSolution
		{BEA55E1D-CFE6-4885-885B-01D573177491}.Debug|Any CPU.ActiveCfg = Debug|Any CPU
		{BEA55E1D-CFE6-4885-885B-01D573177491}.Debug|Any CPU.Build.0 = Debug|Any CPU
		{BEA55E1D-CFE6-4885-885B-01D573177491}.Release|Any CPU.ActiveCfg = Release|Any CPU
		{BEA55E1D-CFE6-4885-885B-01D573177491}.Release|Any CPU.Build.0 = Release|Any CPU
	EndGlobalSection
	GlobalSection(SolutionProperties) = preSolution
		HideSolutionNode = FALSE
	EndGlobalSection
	GlobalSection(ExtensibilityGlobals) = postSolution
		SolutionGuid = {C8788B17-99D7-4E8B-9566-5C7FD7F460C2}
	EndGlobalSection
EndGlobal
